// !$*UTF8*$!
{
	archiveVersion = 1;
	classes = {
	};
	objectVersion = 46;
	objects = {

/* Begin PBXBuildFile section */
		7DEBC176191E2BD2001C3360 /* Foundation.framework in Frameworks */ = {isa = PBXBuildFile; fileRef = 7DEBC175191E2BD2001C3360 /* Foundation.framework */; };
		7DEBC178191E2BD2001C3360 /* CoreGraphics.framework in Frameworks */ = {isa = PBXBuildFile; fileRef = 7DEBC177191E2BD2001C3360 /* CoreGraphics.framework */; };
		7DEBC17A191E2BD2001C3360 /* UIKit.framework in Frameworks */ = {isa = PBXBuildFile; fileRef = 7DEBC179191E2BD2001C3360 /* UIKit.framework */; };
		7DEBC180191E2BD2001C3360 /* InfoPlist.strings in Resources */ = {isa = PBXBuildFile; fileRef = 7DEBC17E191E2BD2001C3360 /* InfoPlist.strings */; };
		7DEBC182191E2BD2001C3360 /* main.m in Sources */ = {isa = PBXBuildFile; fileRef = 7DEBC181191E2BD2001C3360 /* main.m */; };
		7DEBC186191E2BD2001C3360 /* DictAppDelegate.m in Sources */ = {isa = PBXBuildFile; fileRef = 7DEBC185191E2BD2001C3360 /* DictAppDelegate.m */; };
		7DEBC189191E2BD2001C3360 /* Main.storyboard in Resources */ = {isa = PBXBuildFile; fileRef = 7DEBC187191E2BD2001C3360 /* Main.storyboard */; };
		7DEBC18C191E2BD2001C3360 /* DictViewController.m in Sources */ = {isa = PBXBuildFile; fileRef = 7DEBC18B191E2BD2001C3360 /* DictViewController.m */; };
		7DEBC18E191E2BD2001C3360 /* Images.xcassets in Resources */ = {isa = PBXBuildFile; fileRef = 7DEBC18D191E2BD2001C3360 /* Images.xcassets */; };
		7DEBC195191E2BD2001C3360 /* XCTest.framework in Frameworks */ = {isa = PBXBuildFile; fileRef = 7DEBC194191E2BD2001C3360 /* XCTest.framework */; };
		7DEBC196191E2BD2001C3360 /* Foundation.framework in Frameworks */ = {isa = PBXBuildFile; fileRef = 7DEBC175191E2BD2001C3360 /* Foundation.framework */; };
		7DEBC197191E2BD2001C3360 /* UIKit.framework in Frameworks */ = {isa = PBXBuildFile; fileRef = 7DEBC179191E2BD2001C3360 /* UIKit.framework */; };
		7DEBC19F191E2BD2001C3360 /* InfoPlist.strings in Resources */ = {isa = PBXBuildFile; fileRef = 7DEBC19D191E2BD2001C3360 /* InfoPlist.strings */; };
		7DEBC1A1191E2BD2001C3360 /* DictionaryTests.m in Sources */ = {isa = PBXBuildFile; fileRef = 7DEBC1A0191E2BD2001C3360 /* DictionaryTests.m */; };
/* End PBXBuildFile section */

/* Begin PBXContainerItemProxy section */
		7DEBC198191E2BD2001C3360 /* PBXContainerItemProxy */ = {
			isa = PBXContainerItemProxy;
			containerPortal = 7DEBC16A191E2BD1001C3360 /* Project object */;
			proxyType = 1;
			remoteGlobalIDString = 7DEBC171191E2BD2001C3360;
			remoteInfo = Dictionary;
		};
/* End PBXContainerItemProxy section */

/* Begin PBXFileReference section */
		7DEBC172191E2BD2001C3360 /* Dictionary.app */ = {isa = PBXFileReference; explicitFileType = wrapper.application; includeInIndex = 0; path = Dictionary.app; sourceTree = BUILT_PRODUCTS_DIR; };
		7DEBC175191E2BD2001C3360 /* Foundation.framework */ = {isa = PBXFileReference; lastKnownFileType = wrapper.framework; name = Foundation.framework; path = System/Library/Frameworks/Foundation.framework; sourceTree = SDKROOT; };
		7DEBC177191E2BD2001C3360 /* CoreGraphics.framework */ = {isa = PBXFileReference; lastKnownFileType = wrapper.framework; name = CoreGraphics.framework; path = System/Library/Frameworks/CoreGraphics.framework; sourceTree = SDKROOT; };
		7DEBC179191E2BD2001C3360 /* UIKit.framework */ = {isa = PBXFileReference; lastKnownFileType = wrapper.framework; name = UIKit.framework; path = System/Library/Frameworks/UIKit.framework; sourceTree = SDKROOT; };
		7DEBC17D191E2BD2001C3360 /* Dictionary-Info.plist */ = {isa = PBXFileReference; lastKnownFileType = text.plist.xml; path = "Dictionary-Info.plist"; sourceTree = "<group>"; };
		7DEBC17F191E2BD2001C3360 /* en */ = {isa = PBXFileReference; lastKnownFileType = text.plist.strings; name = en; path = en.lproj/InfoPlist.strings; sourceTree = "<group>"; };
		7DEBC181191E2BD2001C3360 /* main.m */ = {isa = PBXFileReference; lastKnownFileType = sourcecode.c.objc; path = main.m; sourceTree = "<group>"; };
		7DEBC183191E2BD2001C3360 /* Dictionary-Prefix.pch */ = {isa = PBXFileReference; lastKnownFileType = sourcecode.c.h; path = "Dictionary-Prefix.pch"; sourceTree = "<group>"; };
		7DEBC184191E2BD2001C3360 /* DictAppDelegate.h */ = {isa = PBXFileReference; lastKnownFileType = sourcecode.c.h; path = DictAppDelegate.h; sourceTree = "<group>"; };
		7DEBC185191E2BD2001C3360 /* DictAppDelegate.m */ = {isa = PBXFileReference; lastKnownFileType = sourcecode.c.objc; path = DictAppDelegate.m; sourceTree = "<group>"; };
		7DEBC188191E2BD2001C3360 /* Base */ = {isa = PBXFileReference; lastKnownFileType = file.storyboard; name = Base; path = Base.lproj/Main.storyboard; sourceTree = "<group>"; };
		7DEBC18A191E2BD2001C3360 /* DictViewController.h */ = {isa = PBXFileReference; lastKnownFileType = sourcecode.c.h; path = DictViewController.h; sourceTree = "<group>"; };
		7DEBC18B191E2BD2001C3360 /* DictViewController.m */ = {isa = PBXFileReference; lastKnownFileType = sourcecode.c.objc; path = DictViewController.m; sourceTree = "<group>"; };
		7DEBC18D191E2BD2001C3360 /* Images.xcassets */ = {isa = PBXFileReference; lastKnownFileType = folder.assetcatalog; path = Images.xcassets; sourceTree = "<group>"; };
		7DEBC193191E2BD2001C3360 /* DictionaryTests.xctest */ = {isa = PBXFileReference; explicitFileType = wrapper.cfbundle; includeInIndex = 0; path = DictionaryTests.xctest; sourceTree = BUILT_PRODUCTS_DIR; };
		7DEBC194191E2BD2001C3360 /* XCTest.framework */ = {isa = PBXFileReference; lastKnownFileType = wrapper.framework; name = XCTest.framework; path = Library/Frameworks/XCTest.framework; sourceTree = DEVELOPER_DIR; };
		7DEBC19C191E2BD2001C3360 /* DictionaryTests-Info.plist */ = {isa = PBXFileReference; lastKnownFileType = text.plist.xml; path = "DictionaryTests-Info.plist"; sourceTree = "<group>"; };
		7DEBC19E191E2BD2001C3360 /* en */ = {isa = PBXFileReference; lastKnownFileType = text.plist.strings; name = en; path = en.lproj/InfoPlist.strings; sourceTree = "<group>"; };
		7DEBC1A0191E2BD2001C3360 /* DictionaryTests.m */ = {isa = PBXFileReference; lastKnownFileType = sourcecode.c.objc; path = DictionaryTests.m; sourceTree = "<group>"; };
/* End PBXFileReference section */

/* Begin PBXFrameworksBuildPhase section */
		7DEBC16F191E2BD2001C3360 /* Frameworks */ = {
			isa = PBXFrameworksBuildPhase;
			buildActionMask = 2147483647;
			files = (
				7DEBC178191E2BD2001C3360 /* CoreGraphics.framework in Frameworks */,
				7DEBC17A191E2BD2001C3360 /* UIKit.framework in Frameworks */,
				7DEBC176191E2BD2001C3360 /* Foundation.framework in Frameworks */,
			);
			runOnlyForDeploymentPostprocessing = 0;
		};
		7DEBC190191E2BD2001C3360 /* Frameworks */ = {
			isa = PBXFrameworksBuildPhase;
			buildActionMask = 2147483647;
			files = (
				7DEBC195191E2BD2001C3360 /* XCTest.framework in Frameworks */,
				7DEBC197191E2BD2001C3360 /* UIKit.framework in Frameworks */,
				7DEBC196191E2BD2001C3360 /* Foundation.framework in Frameworks */,
			);
			runOnlyForDeploymentPostprocessing = 0;
		};
/* End PBXFrameworksBuildPhase section */

/* Begin PBXGroup section */
		7DEBC169191E2BD1001C3360 = {
			isa = PBXGroup;
			children = (
				7DEBC17B191E2BD2001C3360 /* Dictionary */,
				7DEBC19A191E2BD2001C3360 /* DictionaryTests */,
				7DEBC174191E2BD2001C3360 /* Frameworks */,
				7DEBC173191E2BD2001C3360 /* Products */,
			);
			sourceTree = "<group>";
		};
		7DEBC173191E2BD2001C3360 /* Products */ = {
			isa = PBXGroup;
			children = (
				7DEBC172191E2BD2001C3360 /* Dictionary.app */,
				7DEBC193191E2BD2001C3360 /* DictionaryTests.xctest */,
			);
			name = Products;
			sourceTree = "<group>";
		};
		7DEBC174191E2BD2001C3360 /* Frameworks */ = {
			isa = PBXGroup;
			children = (
				7DEBC175191E2BD2001C3360 /* Foundation.framework */,
				7DEBC177191E2BD2001C3360 /* CoreGraphics.framework */,
				7DEBC179191E2BD2001C3360 /* UIKit.framework */,
				7DEBC194191E2BD2001C3360 /* XCTest.framework */,
			);
			name = Frameworks;
			sourceTree = "<group>";
		};
		7DEBC17B191E2BD2001C3360 /* Dictionary */ = {
			isa = PBXGroup;
			children = (
				7DEBC184191E2BD2001C3360 /* DictAppDelegate.h */,
				7DEBC185191E2BD2001C3360 /* DictAppDelegate.m */,
				7DEBC187191E2BD2001C3360 /* Main.storyboard */,
				7DEBC18A191E2BD2001C3360 /* DictViewController.h */,
				7DEBC18B191E2BD2001C3360 /* DictViewController.m */,
				7DEBC18D191E2BD2001C3360 /* Images.xcassets */,
				7DEBC17C191E2BD2001C3360 /* Supporting Files */,
			);
			path = Dictionary;
			sourceTree = "<group>";
		};
		7DEBC17C191E2BD2001C3360 /* Supporting Files */ = {
			isa = PBXGroup;
			children = (
				7DEBC17D191E2BD2001C3360 /* Dictionary-Info.plist */,
				7DEBC17E191E2BD2001C3360 /* InfoPlist.strings */,
				7DEBC181191E2BD2001C3360 /* main.m */,
				7DEBC183191E2BD2001C3360 /* Dictionary-Prefix.pch */,
			);
			name = "Supporting Files";
			sourceTree = "<group>";
		};
		7DEBC19A191E2BD2001C3360 /* DictionaryTests */ = {
			isa = PBXGroup;
			children = (
				7DEBC1A0191E2BD2001C3360 /* DictionaryTests.m */,
				7DEBC19B191E2BD2001C3360 /* Supporting Files */,
			);
			path = DictionaryTests;
			sourceTree = "<group>";
		};
		7DEBC19B191E2BD2001C3360 /* Supporting Files */ = {
			isa = PBXGroup;
			children = (
				7DEBC19C191E2BD2001C3360 /* DictionaryTests-Info.plist */,
				7DEBC19D191E2BD2001C3360 /* InfoPlist.strings */,
			);
			name = "Supporting Files";
			sourceTree = "<group>";
		};
/* End PBXGroup section */

/* Begin PBXNativeTarget section */
		7DEBC171191E2BD2001C3360 /* Dictionary */ = {
			isa = PBXNativeTarget;
			buildConfigurationList = 7DEBC1A4191E2BD2001C3360 /* Build configuration list for PBXNativeTarget "Dictionary" */;
			buildPhases = (
				7DEBC16E191E2BD2001C3360 /* Sources */,
				7DEBC16F191E2BD2001C3360 /* Frameworks */,
				7DEBC170191E2BD2001C3360 /* Resources */,
			);
			buildRules = (
			);
			dependencies = (
			);
			name = Dictionary;
			productName = Dictionary;
			productReference = 7DEBC172191E2BD2001C3360 /* Dictionary.app */;
			productType = "com.apple.product-type.application";
		};
		7DEBC192191E2BD2001C3360 /* DictionaryTests */ = {
			isa = PBXNativeTarget;
			buildConfigurationList = 7DEBC1A7191E2BD2001C3360 /* Build configuration list for PBXNativeTarget "DictionaryTests" */;
			buildPhases = (
				7DEBC18F191E2BD2001C3360 /* Sources */,
				7DEBC190191E2BD2001C3360 /* Frameworks */,
				7DEBC191191E2BD2001C3360 /* Resources */,
			);
			buildRules = (
			);
			dependencies = (
				7DEBC199191E2BD2001C3360 /* PBXTargetDependency */,
			);
			name = DictionaryTests;
			productName = DictionaryTests;
			productReference = 7DEBC193191E2BD2001C3360 /* DictionaryTests.xctest */;
			productType = "com.apple.product-type.bundle.unit-test";
		};
/* End PBXNativeTarget section */

/* Begin PBXProject section */
		7DEBC16A191E2BD1001C3360 /* Project object */ = {
			isa = PBXProject;
			attributes = {
				CLASSPREFIX = Dict;
				LastUpgradeCheck = 0510;
				ORGANIZATIONNAME = "Minsheng Liu";
				TargetAttributes = {
					7DEBC192191E2BD2001C3360 = {
						TestTargetID = 7DEBC171191E2BD2001C3360;
					};
				};
			};
			buildConfigurationList = 7DEBC16D191E2BD1001C3360 /* Build configuration list for PBXProject "Dictionary" */;
			compatibilityVersion = "Xcode 3.2";
			developmentRegion = English;
			hasScannedForEncodings = 0;
			knownRegions = (
				en,
				Base,
			);
			mainGroup = 7DEBC169191E2BD1001C3360;
			productRefGroup = 7DEBC173191E2BD2001C3360 /* Products */;
			projectDirPath = "";
			projectRoot = "";
			targets = (
				7DEBC171191E2BD2001C3360 /* Dictionary */,
				7DEBC192191E2BD2001C3360 /* DictionaryTests */,
			);
		};
/* End PBXProject section */

/* Begin PBXResourcesBuildPhase section */
		7DEBC170191E2BD2001C3360 /* Resources */ = {
			isa = PBXResourcesBuildPhase;
			buildActionMask = 2147483647;
			files = (
				7DEBC18E191E2BD2001C3360 /* Images.xcassets in Resources */,
				7DEBC180191E2BD2001C3360 /* InfoPlist.strings in Resources */,
				7DEBC189191E2BD2001C3360 /* Main.storyboard in Resources */,
			);
			runOnlyForDeploymentPostprocessing = 0;
		};
		7DEBC191191E2BD2001C3360 /* Resources */ = {
			isa = PBXResourcesBuildPhase;
			buildActionMask = 2147483647;
			files = (
				7DEBC19F191E2BD2001C3360 /* InfoPlist.strings in Resources */,
			);
			runOnlyForDeploymentPostprocessing = 0;
		};
/* End PBXResourcesBuildPhase section */

/* Begin PBXSourcesBuildPhase section */
		7DEBC16E191E2BD2001C3360 /* Sources */ = {
			isa = PBXSourcesBuildPhase;
			buildActionMask = 2147483647;
			files = (
				7DEBC186191E2BD2001C3360 /* DictAppDelegate.m in Sources */,
				7DEBC182191E2BD2001C3360 /* main.m in Sources */,
				7DEBC18C191E2BD2001C3360 /* DictViewController.m in Sources */,
			);
			runOnlyForDeploymentPostprocessing = 0;
		};
		7DEBC18F191E2BD2001C3360 /* Sources */ = {
			isa = PBXSourcesBuildPhase;
			buildActionMask = 2147483647;
			files = (
				7DEBC1A1191E2BD2001C3360 /* DictionaryTests.m in Sources */,
			);
			runOnlyForDeploymentPostprocessing = 0;
		};
/* End PBXSourcesBuildPhase section */

/* Begin PBXTargetDependency section */
		7DEBC199191E2BD2001C3360 /* PBXTargetDependency */ = {
			isa = PBXTargetDependency;
			target = 7DEBC171191E2BD2001C3360 /* Dictionary */;
			targetProxy = 7DEBC198191E2BD2001C3360 /* PBXContainerItemProxy */;
		};
/* End PBXTargetDependency section */

/* Begin PBXVariantGroup section */
		7DEBC17E191E2BD2001C3360 /* InfoPlist.strings */ = {
			isa = PBXVariantGroup;
			children = (
				7DEBC17F191E2BD2001C3360 /* en */,
			);
			name = InfoPlist.strings;
			sourceTree = "<group>";
		};
		7DEBC187191E2BD2001C3360 /* Main.storyboard */ = {
			isa = PBXVariantGroup;
			children = (
				7DEBC188191E2BD2001C3360 /* Base */,
			);
			name = Main.storyboard;
			sourceTree = "<group>";
		};
		7DEBC19D191E2BD2001C3360 /* InfoPlist.strings */ = {
			isa = PBXVariantGroup;
			children = (
				7DEBC19E191E2BD2001C3360 /* en */,
			);
			name = InfoPlist.strings;
			sourceTree = "<group>";
		};
/* End PBXVariantGroup section */

/* Begin XCBuildConfiguration section */
		7DEBC1A2191E2BD2001C3360 /* Debug */ = {
			isa = XCBuildConfiguration;
			buildSettings = {
				ALWAYS_SEARCH_USER_PATHS = NO;
				CLANG_CXX_LANGUAGE_STANDARD = "gnu++0x";
				CLANG_CXX_LIBRARY = "libc++";
				CLANG_ENABLE_MODULES = YES;
				CLANG_ENABLE_OBJC_ARC = YES;
				CLANG_WARN_BOOL_CONVERSION = YES;
				CLANG_WARN_CONSTANT_CONVERSION = YES;
				CLANG_WARN_DIRECT_OBJC_ISA_USAGE = YES_ERROR;
				CLANG_WARN_EMPTY_BODY = YES;
				CLANG_WARN_ENUM_CONVERSION = YES;
				CLANG_WARN_INT_CONVERSION = YES;
				CLANG_WARN_OBJC_ROOT_CLASS = YES_ERROR;
				CLANG_WARN__DUPLICATE_METHOD_MATCH = YES;
				"CODE_SIGN_IDENTITY[sdk=iphoneos*]" = "iPhone Developer";
				COPY_PHASE_STRIP = NO;
				GCC_C_LANGUAGE_STANDARD = gnu99;
				GCC_DYNAMIC_NO_PIC = NO;
				GCC_OPTIMIZATION_LEVEL = 0;
				GCC_PREPROCESSOR_DEFINITIONS = (
					"DEBUG=1",
					"$(inherited)",
				);
				GCC_SYMBOLS_PRIVATE_EXTERN = NO;
				GCC_WARN_64_TO_32_BIT_CONVERSION = YES;
				GCC_WARN_ABOUT_RETURN_TYPE = YES_ERROR;
				GCC_WARN_UNDECLARED_SELECTOR = YES;
				GCC_WARN_UNINITIALIZED_AUTOS = YES_AGGRESSIVE;
				GCC_WARN_UNUSED_FUNCTION = YES;
				GCC_WARN_UNUSED_VARIABLE = YES;
				IPHONEOS_DEPLOYMENT_TARGET = 7.1;
				ONLY_ACTIVE_ARCH = YES;
				SDKROOT = iphoneos;
			};
			name = Debug;
		};
		7DEBC1A3191E2BD2001C3360 /* Release */ = {
			isa = XCBuildConfiguration;
			buildSettings = {
				ALWAYS_SEARCH_USER_PATHS = NO;
				CLANG_CXX_LANGUAGE_STANDARD = "gnu++0x";
				CLANG_CXX_LIBRARY = "libc++";
				CLANG_ENABLE_MODULES = YES;
				CLANG_ENABLE_OBJC_ARC = YES;
				CLANG_WARN_BOOL_CONVERSION = YES;
				CLANG_WARN_CONSTANT_CONVERSION = YES;
				CLANG_WARN_DIRECT_OBJC_ISA_USAGE = YES_ERROR;
				CLANG_WARN_EMPTY_BODY = YES;
				CLANG_WARN_ENUM_CONVERSION = YES;
				CLANG_WARN_INT_CONVERSION = YES;
				CLANG_WARN_OBJC_ROOT_CLASS = YES_ERROR;
				CLANG_WARN__DUPLICATE_METHOD_MATCH = YES;
				"CODE_SIGN_IDENTITY[sdk=iphoneos*]" = "iPhone Developer";
				COPY_PHASE_STRIP = YES;
				ENABLE_NS_ASSERTIONS = NO;
				GCC_C_LANGUAGE_STANDARD = gnu99;
				GCC_WARN_64_TO_32_BIT_CONVERSION = YES;
				GCC_WARN_ABOUT_RETURN_TYPE = YES_ERROR;
				GCC_WARN_UNDECLARED_SELECTOR = YES;
				GCC_WARN_UNINITIALIZED_AUTOS = YES_AGGRESSIVE;
				GCC_WARN_UNUSED_FUNCTION = YES;
				GCC_WARN_UNUSED_VARIABLE = YES;
				IPHONEOS_DEPLOYMENT_TARGET = 7.1;
				SDKROOT = iphoneos;
				VALIDATE_PRODUCT = YES;
			};
			name = Release;
		};
		7DEBC1A5191E2BD2001C3360 /* Debug */ = {
			isa = XCBuildConfiguration;
			buildSettings = {
				ASSETCATALOG_COMPILER_APPICON_NAME = AppIcon;
				ASSETCATALOG_COMPILER_LAUNCHIMAGE_NAME = LaunchImage;
				GCC_PRECOMPILE_PREFIX_HEADER = YES;
				GCC_PREFIX_HEADER = "Dictionary/Dictionary-Prefix.pch";
				INFOPLIST_FILE = "Dictionary/Dictionary-Info.plist";
				PRODUCT_NAME = "$(TARGET_NAME)";
				WRAPPER_EXTENSION = app;
			};
			name = Debug;
		};
		7DEBC1A6191E2BD2001C3360 /* Release */ = {
			isa = XCBuildConfiguration;
			buildSettings = {
				ASSETCATALOG_COMPILER_APPICON_NAME = AppIcon;
				ASSETCATALOG_COMPILER_LAUNCHIMAGE_NAME = LaunchImage;
				GCC_PRECOMPILE_PREFIX_HEADER = YES;
				GCC_PREFIX_HEADER = "Dictionary/Dictionary-Prefix.pch";
				INFOPLIST_FILE = "Dictionary/Dictionary-Info.plist";
				PRODUCT_NAME = "$(TARGET_NAME)";
				WRAPPER_EXTENSION = app;
			};
			name = Release;
		};
		7DEBC1A8191E2BD2001C3360 /* Debug */ = {
			isa = XCBuildConfiguration;
			buildSettings = {
				BUNDLE_LOADER = "$(BUILT_PRODUCTS_DIR)/Dictionary.app/Dictionary";
				FRAMEWORK_SEARCH_PATHS = (
					"$(SDKROOT)/Developer/Library/Frameworks",
					"$(inherited)",
					"$(DEVELOPER_FRAMEWORKS_DIR)",
				);
				GCC_PRECOMPILE_PREFIX_HEADER = YES;
				GCC_PREFIX_HEADER = "Dictionary/Dictionary-Prefix.pch";
				GCC_PREPROCESSOR_DEFINITIONS = (
					"DEBUG=1",
					"$(inherited)",
				);
				INFOPLIST_FILE = "DictionaryTests/DictionaryTests-Info.plist";
				PRODUCT_NAME = "$(TARGET_NAME)";
				TEST_HOST = "$(BUNDLE_LOADER)";
				WRAPPER_EXTENSION = xctest;
			};
			name = Debug;
		};
		7DEBC1A9191E2BD2001C3360 /* Release */ = {
			isa = XCBuildConfiguration;
			buildSettings = {
				BUNDLE_LOADER = "$(BUILT_PRODUCTS_DIR)/Dictionary.app/Dictionary";
				FRAMEWORK_SEARCH_PATHS = (
					"$(SDKROOT)/Developer/Library/Frameworks",
					"$(inherited)",
					"$(DEVELOPER_FRAMEWORKS_DIR)",
				);
				GCC_PRECOMPILE_PREFIX_HEADER = YES;
				GCC_PREFIX_HEADER = "Dictionary/Dictionary-Prefix.pch";
				INFOPLIST_FILE = "DictionaryTests/DictionaryTests-Info.plist";
				PRODUCT_NAME = "$(TARGET_NAME)";
				TEST_HOST = "$(BUNDLE_LOADER)";
				WRAPPER_EXTENSION = xctest;
			};
			name = Release;
		};
/* End XCBuildConfiguration section */

/* Begin XCConfigurationList section */
		7DEBC16D191E2BD1001C3360 /* Build configuration list for PBXProject "Dictionary" */ = {
			isa = XCConfigurationList;
			buildConfigurations = (
				7DEBC1A2191E2BD2001C3360 /* Debug */,
				7DEBC1A3191E2BD2001C3360 /* Release */,
			);
			defaultConfigurationIsVisible = 0;
			defaultConfigurationName = Release;
		};
		7DEBC1A4191E2BD2001C3360 /* Build configuration list for PBXNativeTarget "Dictionary" */ = {
			isa = XCConfigurationList;
			buildConfigurations = (
				7DEBC1A5191E2BD2001C3360 /* Debug */,
				7DEBC1A6191E2BD2001C3360 /* Release */,
			);
			defaultConfigurationIsVisible = 0;
		};
		7DEBC1A7191E2BD2001C3360 /* Build configuration list for PBXNativeTarget "DictionaryTests" */ = {
			isa = XCConfigurationList;
			buildConfigurations = (
				7DEBC1A8191E2BD2001C3360 /* Debug */,
				7DEBC1A9191E2BD2001C3360 /* Release */,
			);
			defaultConfigurationIsVisible = 0;
		};
/* End XCConfigurationList section */
	};
	rootObject = 7DEBC16A191E2BD1001C3360 /* Project object */;
}
